FORGE
  remote: http://forge.puppetlabs.com
  specs:
    alup/rbenv (1.2.0)
    fsalum/redis (0.0.11)
      thias/sysctl (= 0.3.0)
    puppetlabs/apache (1.0.1)
      puppetlabs/concat (>= 1.0.0)
      puppetlabs/stdlib (>= 2.4.0)
    puppetlabs/apt (1.1.1)
      puppetlabs/stdlib (>= 2.2.1)
    puppetlabs/concat (1.0.3)
    puppetlabs/firewall (0.4.2)
    puppetlabs/nodejs (0.4.0)
      puppetlabs/apt (>= 0.0.3)
      puppetlabs/stdlib (>= 2.0.0)
    puppetlabs/stdlib (4.2.2)
    stahnma/epel (0.0.5)
    thias/memcached (0.1.0)
    thias/php (0.3.12)
    thias/sysctl (0.3.0)

GIT
  remote: https://github.com/arioch/puppet-percona.git
  ref: master
  sha: b6e30013e17c2e9309e33818fbafa31fa5f0d34a
  specs:
    arioch/percona (1.3.1)

GIT
  remote: https://github.com/forumone/puppet-forumone.git
  ref: 1.1.18
  sha: e2d590608e2355d5c20f548a13a8a9e9d99e7570
  specs:
    forumone/forumone (1.1.18)
      alup/rbenv (~> 1.2.0)
      fsalum/redis (= 0.0.11)
      puppetlabs/apache (= 1.0.1)
      puppetlabs/apt (~> 1.1.0)
      puppetlabs/concat (~> 1.0.0)
      puppetlabs/firewall (~> 0.4.0)
      puppetlabs/nodejs (~> 0.4.0)
      stahnma/epel (= 0.0.5)
      thias/memcached (~> 0.1.0)
      thias/php (~> 0.3.0)

GIT
  remote: https://github.com/puppetlabs/puppetlabs-mysql.git
  ref: 0.9.0
  sha: 11ab036fed3b252492f5400bf8fd69698d510482
  specs:
    puppetlabs/mysql (0.9.0)
      puppetlabs/stdlib (>= 2.2.1)

GIT
  remote: https://github.com/thias/puppet-nginx.git
  ref: master
  sha: 2c9ac2f10116813d0c85c5820805e7ad65afa8e4
  specs:
    thias/nginx (0.1.9)

DEPENDENCIES
  arioch/percona (>= 0)
  forumone/forumone (>= 0)
  puppetlabs/mysql (>= 0)
  thias/nginx (>= 0)

